
Microsoft Visual Studio Solution File, Format Version 12.00
# Visual Studio Version 17
VisualStudioVersion = 17.2.32630.192
MinimumVisualStudioVersion = 10.0.40219.1
Project("{FAE04EC0-301F-11D3-BF4B-00C04F79EFBC}") = "pythagoras csharp", "pythagoras csharp.csproj", "{7FA45BDE-1AA8-466B-84EC-0916DA7D2FAD}"
EndProject
Global
	GlobalSection(SolutionConfigurationPlatforms) = preSolution
		Debug|Any CPU = Debug|Any CPU
		Release|Any CPU = Release|Any CPU
	EndGlobalSection
	GlobalSection(ProjectConfigurationPlatforms) = postSolution
		{7FA45BDE-1AA8-466B-84EC-0916DA7D2FAD}.Debug|Any CPU.ActiveCfg = Debug|Any CPU
		{7FA45BDE-1AA8-466B-84EC-0916DA7D2FAD}.Debug|Any CPU.Build.0 = Debug|Any CPU
		{7FA45BDE-1AA8-466B-84EC-0916DA7D2FAD}.Release|Any CPU.ActiveCfg = Release|Any CPU
		{7FA45BDE-1AA8-466B-84EC-0916DA7D2FAD}.Release|Any CPU.Build.0 = Release|Any CPU
	EndGlobalSection
	GlobalSection(SolutionProperties) = preSolution
		HideSolutionNode = FALSE
	EndGlobalSection
	GlobalSection(ExtensibilityGlobals) = postSolution
		SolutionGuid = {734F2505-4BA1-4A21-9062-9359A534020D}
	EndGlobalSection
EndGlobal
